github.com/D00MFist/Go4aRun v0.0.0-20200730144529-493acbb0c38b h1:isKLawkqt+M31EDm9P2Vt5x1/VEpRQowfwUEno5DtLU=
github.com/D00MFist/Go4aRun v0.0.0-20200730144529-493acbb0c38b/go.mod h1:uGf6pdElIGTFeXGIUeek3Fzs3uNcZjyhkBWWwhF9cI0=
github.com/PuerkitoBio/goquery v1.7.1/go.mod h1:XY0pP4kfraEmmV1O7Uf6XyjoslwsneBbgeDjLYuN8xY=
github.com/andybalholm/cascadia v1.2.0/go.mod h1:YCyR8vOZT9aZ1CHEd8ap0gMVm2aFgxBp0T0eFw1RUQY=
github.com/google/uuid v1.3.0 h1:t6JiXgmwXMjEs8VusXIJk2BXHsn+wx8BZdTaoZ5fu7I=
github.com/google/uuid v1.3.0/go.mod h1:TIyPZe4MgqvfeYDBFedMoGGpEw/LqOeaOT+nhxU+yHo=
github.com/hillu/go-ntdll v0.0.0-20220728125848-5872871d38ca h1:gfXpvS6vyQskC6X7tvmj/ki9/SqVr1TLf/dk1XLYLKk=
github.com/hillu/go-ntdll v0.0.0-20220728125848-5872871d38ca/go.mod h1:cHjYsnAnSckPDx8/H01Y+owD1hf2adLA6VRiw4guEbA=
github.com/pkg/errors v0.9.1 h1:FEBLx1zS214owpjy7qsBeixbURkuhQAwrK5UwLGTwt4=
github.com/pkg/errors v0.9.1/go.mod h1:bwawxfHBFNV+L2hUp1rHADufV3IMtnDRdf1r5NINEl0=
golang.org/x/net v0.0.0-20180218175443-cbe0f9307d01/go.mod h1:mL1N/T3taQHkDXs73rZJwtUhF3w3ftmwwsq0BUmARs4=
golang.org/x/net v0.0.0-20210614182718-04defd469f4e/go.mod h1:9nx3DQGgdP8bBQD5qxJ1jj9UTztislL4KSBs9R2vV5Y=
golang.org/x/sys v0.0.0-20201119102817-f84b799fce68/go.mod h1:h1NjWce9XRLGQEsW7wpKNCjG9DtNlClVuFLEZdDNbEs=
golang.org/x/sys v0.0.0-20210423082822-04245dca01da/go.mod h1:h1NjWce9XRLGQEsW7wpKNCjG9DtNlClVuFLEZdDNbEs=
golang.org/x/sys v0.0.0-20220728004956-3c1f35247d10 h1:WIoqL4EROvwiPdUtaip4VcDdpZ4kha7wBWZrbVKCIZg=
golang.org/x/sys v0.0.0-20220728004956-3c1f35247d10/go.mod h1:oPkhp1MJrh7nUepCBck5+mAzfO9JrbApNNgaTdGDITg=
golang.org/x/term v0.0.0-20201126162022-7de9c90e9dd1/go.mod h1:bj7SfCRtBDWHUb9snDiAeCFNEtKQo2Wmx5Cou7ajbmo=
golang.org/x/text v0.3.6/go.mod h1:5Zoc/QRtKVWzQhOtBMvqHzDpF6irO9z98xDceosuGiQ=
golang.org/x/tools v0.0.0-20180917221912-90fa682c2a6e/go.mod h1:n7NCudcB/nEzxVGmLbDWY5pfWTLqBcC2KZ6jyYvM4mQ=
